
Microsoft Visual Studio Solution File, Format Version 12.00
# Visual Studio Version 17
VisualStudioVersion = 17.7.34202.233
MinimumVisualStudioVersion = 10.0.40219.1
Project("{FAE04EC0-301F-11D3-BF4B-00C04F79EFBC}") = "FUCarRentingManagement.Api", "FUCarRentingManagement.Api\FUCarRentingManagement.Api.csproj", "{2E3EC4DB-B9CF-40E2-A79E-3DF369C98098}"
EndProject
Project("{FAE04EC0-301F-11D3-BF4B-00C04F79EFBC}") = "FUCarRentingManagement.Infrastructure", "FUCarRentingManagement.Infrastructure\FUCarRentingManagement.Infrastructure.csproj", "{49A84BB0-20EE-4936-8B78-4C88D7FDF2FA}"
EndProject
Project("{FAE04EC0-301F-11D3-BF4B-00C04F79EFBC}") = "FUCarRentingManagement.Domain", "FUCarRentingManagement.Domain\FUCarRentingManagement.Domain.csproj", "{3EC05A2F-AA37-4607-8DE4-E7B47BB37E88}"
EndProject
Global
	GlobalSection(SolutionConfigurationPlatforms) = preSolution
		Debug|Any CPU = Debug|Any CPU
		Release|Any CPU = Release|Any CPU
	EndGlobalSection
	GlobalSection(ProjectConfigurationPlatforms) = postSolution
		{2E3EC4DB-B9CF-40E2-A79E-3DF369C98098}.Debug|Any CPU.ActiveCfg = Debug|Any CPU
		{2E3EC4DB-B9CF-40E2-A79E-3DF369C98098}.Debug|Any CPU.Build.0 = Debug|Any CPU
		{2E3EC4DB-B9CF-40E2-A79E-3DF369C98098}.Release|Any CPU.ActiveCfg = Release|Any CPU
		{2E3EC4DB-B9CF-40E2-A79E-3DF369C98098}.Release|Any CPU.Build.0 = Release|Any CPU
		{49A84BB0-20EE-4936-8B78-4C88D7FDF2FA}.Debug|Any CPU.ActiveCfg = Debug|Any CPU
		{49A84BB0-20EE-4936-8B78-4C88D7FDF2FA}.Debug|Any CPU.Build.0 = Debug|Any CPU
		{49A84BB0-20EE-4936-8B78-4C88D7FDF2FA}.Release|Any CPU.ActiveCfg = Release|Any CPU
		{49A84BB0-20EE-4936-8B78-4C88D7FDF2FA}.Release|Any CPU.Build.0 = Release|Any CPU
		{3EC05A2F-AA37-4607-8DE4-E7B47BB37E88}.Debug|Any CPU.ActiveCfg = Debug|Any CPU
		{3EC05A2F-AA37-4607-8DE4-E7B47BB37E88}.Debug|Any CPU.Build.0 = Debug|Any CPU
		{3EC05A2F-AA37-4607-8DE4-E7B47BB37E88}.Release|Any CPU.ActiveCfg = Release|Any CPU
		{3EC05A2F-AA37-4607-8DE4-E7B47BB37E88}.Release|Any CPU.Build.0 = Release|Any CPU
	EndGlobalSection
	GlobalSection(SolutionProperties) = preSolution
		HideSolutionNode = FALSE
	EndGlobalSection
	GlobalSection(ExtensibilityGlobals) = postSolution
		SolutionGuid = {2639C1DC-F57A-4CFF-A083-F6045F054A48}
	EndGlobalSection
EndGlobal
